
Microsoft Visual Studio Solution File, Format Version 12.00
# Visual Studio Version 17
VisualStudioVersion = 17.3.32825.248
MinimumVisualStudioVersion = 10.0.40219.1
Project("{9A19103F-16F7-4668-BE54-9A1E7A4F7556}") = "Controllers", "Controllers\Controllers.csproj", "{03F92E91-7F95-4FD9-8A5E-2A7BE91F0145}"
EndProject
Project("{9A19103F-16F7-4668-BE54-9A1E7A4F7556}") = "Console App", "Console App\Console App.csproj", "{A8A230E8-8213-4743-A370-6CED95DC5460}"
EndProject
Project("{9A19103F-16F7-4668-BE54-9A1E7A4F7556}") = "Models", "Models\Models.csproj", "{09B09529-9A6B-417F-9829-5449C883AC98}"
EndProject
Project("{9A19103F-16F7-4668-BE54-9A1E7A4F7556}") = "GraphQL App", "GraphQL App\GraphQL App.csproj", "{EA4A330C-28D6-4F56-B446-CE90FF9595B6}"
EndProject
Project("{FAE04EC0-301F-11D3-BF4B-00C04F79EFBC}") = "Database", "Database\Database.csproj", "{F630B47C-1B64-428D-91EC-23FFF2071286}"
EndProject
Global
	GlobalSection(SolutionConfigurationPlatforms) = preSolution
		Debug|Any CPU = Debug|Any CPU
		Release|Any CPU = Release|Any CPU
	EndGlobalSection
	GlobalSection(ProjectConfigurationPlatforms) = postSolution
		{03F92E91-7F95-4FD9-8A5E-2A7BE91F0145}.Debug|Any CPU.ActiveCfg = Debug|Any CPU
		{03F92E91-7F95-4FD9-8A5E-2A7BE91F0145}.Debug|Any CPU.Build.0 = Debug|Any CPU
		{03F92E91-7F95-4FD9-8A5E-2A7BE91F0145}.Release|Any CPU.ActiveCfg = Release|Any CPU
		{03F92E91-7F95-4FD9-8A5E-2A7BE91F0145}.Release|Any CPU.Build.0 = Release|Any CPU
		{A8A230E8-8213-4743-A370-6CED95DC5460}.Debug|Any CPU.ActiveCfg = Debug|Any CPU
		{A8A230E8-8213-4743-A370-6CED95DC5460}.Debug|Any CPU.Build.0 = Debug|Any CPU
		{A8A230E8-8213-4743-A370-6CED95DC5460}.Release|Any CPU.ActiveCfg = Release|Any CPU
		{A8A230E8-8213-4743-A370-6CED95DC5460}.Release|Any CPU.Build.0 = Release|Any CPU
		{09B09529-9A6B-417F-9829-5449C883AC98}.Debug|Any CPU.ActiveCfg = Debug|Any CPU
		{09B09529-9A6B-417F-9829-5449C883AC98}.Debug|Any CPU.Build.0 = Debug|Any CPU
		{09B09529-9A6B-417F-9829-5449C883AC98}.Release|Any CPU.ActiveCfg = Release|Any CPU
		{09B09529-9A6B-417F-9829-5449C883AC98}.Release|Any CPU.Build.0 = Release|Any CPU
		{EA4A330C-28D6-4F56-B446-CE90FF9595B6}.Debug|Any CPU.ActiveCfg = Debug|Any CPU
		{EA4A330C-28D6-4F56-B446-CE90FF9595B6}.Debug|Any CPU.Build.0 = Debug|Any CPU
		{EA4A330C-28D6-4F56-B446-CE90FF9595B6}.Release|Any CPU.ActiveCfg = Release|Any CPU
		{EA4A330C-28D6-4F56-B446-CE90FF9595B6}.Release|Any CPU.Build.0 = Release|Any CPU
		{F630B47C-1B64-428D-91EC-23FFF2071286}.Debug|Any CPU.ActiveCfg = Debug|Any CPU
		{F630B47C-1B64-428D-91EC-23FFF2071286}.Debug|Any CPU.Build.0 = Debug|Any CPU
		{F630B47C-1B64-428D-91EC-23FFF2071286}.Release|Any CPU.ActiveCfg = Release|Any CPU
		{F630B47C-1B64-428D-91EC-23FFF2071286}.Release|Any CPU.Build.0 = Release|Any CPU
	EndGlobalSection
	GlobalSection(SolutionProperties) = preSolution
		HideSolutionNode = FALSE
	EndGlobalSection
	GlobalSection(ExtensibilityGlobals) = postSolution
		SolutionGuid = {0682385B-399E-409E-A9A9-6BF7605C66F8}
	EndGlobalSection
EndGlobal
